schema: '2.0'
stages:
  preprocess:
    cmd: python src/preprocess.py
    deps:
    - path: data/raw
      hash: md5
      md5: 1ec48126e076b642269290f50745070b.dir
      size: 81784803
      nfiles: 3745
    - path: src/preprocess.py
      hash: md5
      md5: ade88d4e7aa7246bfc7d540288d0813b
      size: 1744
    outs:
    - path: data/processed
      hash: md5
      md5: aa7b088432c4cd762d5244b20e06328c.dir
      size: 4510298240
      nfiles: 3745
  train:
    cmd: python src/train.py
    deps:
    - path: data/processed
      hash: md5
      md5: aa7b088432c4cd762d5244b20e06328c.dir
      size: 4510298240
      nfiles: 3745
    - path: src/train.py
      hash: md5
      md5: 741890d5f785b429b3d346724303d308
      size: 1517
    outs:
    - path: models/mobilenetv2_brain_tumor.h5
      hash: md5
      md5: 43a580957b1627ede0450b8a0bf6ecec
      size: 10171424
